{
  "version": 4,
  "terraform_version": "0.12.3",
  "serial": 2,
  "lineage": "c3da54dd-2cac-bda3-4bf6-0eb461f4e30b",
  "outputs": {},
  "resources": [
    {
      "mode": "managed",
      "type": "aws_dynamodb_table",
      "name": "pumpernickel-terraform-state-lock",
      "provider": "provider.aws",
      "instances": [
        {
          "schema_version": 1,
          "attributes_flat": {
            "arn": "arn:aws:dynamodb:us-east-1:729418105549:table/pumpernickel-state-lock-dynamo",
            "attribute.#": "1",
            "attribute.2068930648.name": "LockID",
            "attribute.2068930648.type": "S",
            "billing_mode": "PROVISIONED",
            "global_secondary_index.#": "0",
            "hash_key": "LockID",
            "id": "pumpernickel-state-lock-dynamo",
            "local_secondary_index.#": "0",
            "name": "pumpernickel-state-lock-dynamo",
            "point_in_time_recovery.#": "1",
            "point_in_time_recovery.0.enabled": "false",
            "read_capacity": "20",
            "server_side_encryption.#": "0",
            "stream_arn": "",
            "stream_enabled": "false",
            "stream_label": "",
            "stream_view_type": "",
            "tags.%": "0",
            "ttl.#": "1",
            "ttl.0.attribute_name": "",
            "ttl.0.enabled": "false",
            "write_capacity": "20"
          },
          "private": "eyJlMmJmYjczMC1lY2FhLTExZTYtOGY4OC0zNDM2M2JjN2M0YzAiOnsiY3JlYXRlIjo2MDAwMDAwMDAwMDAsImRlbGV0ZSI6NjAwMDAwMDAwMDAwLCJ1cGRhdGUiOjM2MDAwMDAwMDAwMDB9fQ=="
        }
      ]
    },
    {
      "mode": "managed",
      "type": "aws_s3_bucket",
      "name": "pumpernickel-crl",
      "provider": "provider.aws",
      "instances": [
        {
          "schema_version": 0,
          "attributes_flat": {
            "acceleration_status": "",
            "acl": "private",
            "arn": "arn:aws:s3:::pumpernickel-crl",
            "bucket": "pumpernickel-crl",
            "bucket_domain_name": "pumpernickel-crl.s3.amazonaws.com",
            "bucket_regional_domain_name": "pumpernickel-crl.s3.amazonaws.com",
            "cors_rule.#": "0",
            "force_destroy": "false",
            "hosted_zone_id": "Z3AQBSTGFYJSTF",
            "id": "pumpernickel-crl",
            "lifecycle_rule.#": "1",
            "lifecycle_rule.0.abort_incomplete_multipart_upload_days": "0",
            "lifecycle_rule.0.enabled": "true",
            "lifecycle_rule.0.expiration.#": "0",
            "lifecycle_rule.0.id": "tf-s3-lifecycle-20190627144120497500000001",
            "lifecycle_rule.0.noncurrent_version_expiration.#": "1",
            "lifecycle_rule.0.noncurrent_version_expiration.1315073419.days": "90",
            "lifecycle_rule.0.noncurrent_version_transition.#": "0",
            "lifecycle_rule.0.prefix": "",
            "lifecycle_rule.0.tags.%": "0",
            "lifecycle_rule.0.transition.#": "0",
            "logging.#": "0",
            "object_lock_configuration.#": "0",
            "region": "us-east-1",
            "replication_configuration.#": "0",
            "request_payer": "BucketOwner",
            "server_side_encryption_configuration.#": "0",
            "tags.%": "0",
            "versioning.#": "1",
            "versioning.0.enabled": "true",
            "versioning.0.mfa_delete": "false",
            "website.#": "0"
          }
        }
      ]
    }
  ]
}
